
Microsoft Visual Studio Solution File, Format Version 12.00
# Visual Studio Version 17
VisualStudioVersion = 17.3.32922.545
MinimumVisualStudioVersion = 10.0.40219.1
Project("{FAE04EC0-301F-11D3-BF4B-00C04F79EFBC}") = "StudentAdmissionManagement", "StudentAdmissionManagement\StudentAdmissionManagement.csproj", "{47CCEAD3-2B8B-4689-8023-28256CCC8C7C}"
EndProject
Project("{FAE04EC0-301F-11D3-BF4B-00C04F79EFBC}") = "StudentAttendanceManagement", "StudentAttendanceManagement\StudentAttendanceManagement.csproj", "{AE363A87-63D0-4E9E-9DA6-E8B14033AE93}"
EndProject
Project("{FAE04EC0-301F-11D3-BF4B-00C04F79EFBC}") = "SchoolAPIGateway", "SchoolAPIGateway\SchoolAPIGateway.csproj", "{F4473D1B-CC58-41DC-B8B9-2EBDC8825D69}"
EndProject
Global
	GlobalSection(SolutionConfigurationPlatforms) = preSolution
		Debug|Any CPU = Debug|Any CPU
		Release|Any CPU = Release|Any CPU
	EndGlobalSection
	GlobalSection(ProjectConfigurationPlatforms) = postSolution
		{47CCEAD3-2B8B-4689-8023-28256CCC8C7C}.Debug|Any CPU.ActiveCfg = Debug|Any CPU
		{47CCEAD3-2B8B-4689-8023-28256CCC8C7C}.Debug|Any CPU.Build.0 = Debug|Any CPU
		{47CCEAD3-2B8B-4689-8023-28256CCC8C7C}.Release|Any CPU.ActiveCfg = Release|Any CPU
		{47CCEAD3-2B8B-4689-8023-28256CCC8C7C}.Release|Any CPU.Build.0 = Release|Any CPU
		{AE363A87-63D0-4E9E-9DA6-E8B14033AE93}.Debug|Any CPU.ActiveCfg = Debug|Any CPU
		{AE363A87-63D0-4E9E-9DA6-E8B14033AE93}.Debug|Any CPU.Build.0 = Debug|Any CPU
		{AE363A87-63D0-4E9E-9DA6-E8B14033AE93}.Release|Any CPU.ActiveCfg = Release|Any CPU
		{AE363A87-63D0-4E9E-9DA6-E8B14033AE93}.Release|Any CPU.Build.0 = Release|Any CPU
		{F4473D1B-CC58-41DC-B8B9-2EBDC8825D69}.Debug|Any CPU.ActiveCfg = Debug|Any CPU
		{F4473D1B-CC58-41DC-B8B9-2EBDC8825D69}.Debug|Any CPU.Build.0 = Debug|Any CPU
		{F4473D1B-CC58-41DC-B8B9-2EBDC8825D69}.Release|Any CPU.ActiveCfg = Release|Any CPU
		{F4473D1B-CC58-41DC-B8B9-2EBDC8825D69}.Release|Any CPU.Build.0 = Release|Any CPU
	EndGlobalSection
	GlobalSection(SolutionProperties) = preSolution
		HideSolutionNode = FALSE
	EndGlobalSection
	GlobalSection(ExtensibilityGlobals) = postSolution
		SolutionGuid = {D230353D-1FCD-4149-9CC5-6B148D3DB688}
	EndGlobalSection
EndGlobal
